
Microsoft Visual Studio Solution File, Format Version 12.00
# Visual Studio Version 17
VisualStudioVersion = 17.0.31903.59
MinimumVisualStudioVersion = 10.0.40219.1
Project("{FAE04EC0-301F-11D3-BF4B-00C04F79EFBC}") = "Fullobby.Core", "Fullobby.Core\Fullobby.Core.csproj", "{EE7ECAD0-8ADC-4FCE-A9C6-80EBFD7691B3}"
EndProject
Project("{FAE04EC0-301F-11D3-BF4B-00C04F79EFBC}") = "Fullobby.Core.Tests", "Fullobby.Core.Tests\Fullobby.Core.Tests.csproj", "{BFAC82DE-BC58-4B40-8863-DF8A47BFCD32}"
EndProject
Project("{FAE04EC0-301F-11D3-BF4B-00C04F79EFBC}") = "Fullobby.App", "Fullobby.App\Fullobby.App.csproj", "{E42D2E63-FBEC-4F83-8466-D696B78E47E4}"
EndProject
Global
	GlobalSection(SolutionConfigurationPlatforms) = preSolution
		Debug|Any CPU = Debug|Any CPU
		Debug|x64 = Debug|x64
		Debug|x86 = Debug|x86
		Release|Any CPU = Release|Any CPU
		Release|x64 = Release|x64
		Release|x86 = Release|x86
	EndGlobalSection
	GlobalSection(ProjectConfigurationPlatforms) = postSolution
		{EE7ECAD0-8ADC-4FCE-A9C6-80EBFD7691B3}.Debug|Any CPU.ActiveCfg = Debug|Any CPU
		{EE7ECAD0-8ADC-4FCE-A9C6-80EBFD7691B3}.Debug|Any CPU.Build.0 = Debug|Any CPU
		{EE7ECAD0-8ADC-4FCE-A9C6-80EBFD7691B3}.Debug|x64.ActiveCfg = Debug|Any CPU
		{EE7ECAD0-8ADC-4FCE-A9C6-80EBFD7691B3}.Debug|x64.Build.0 = Debug|Any CPU
		{EE7ECAD0-8ADC-4FCE-A9C6-80EBFD7691B3}.Debug|x86.ActiveCfg = Debug|Any CPU
		{EE7ECAD0-8ADC-4FCE-A9C6-80EBFD7691B3}.Debug|x86.Build.0 = Debug|Any CPU
		{EE7ECAD0-8ADC-4FCE-A9C6-80EBFD7691B3}.Release|Any CPU.ActiveCfg = Release|Any CPU
		{EE7ECAD0-8ADC-4FCE-A9C6-80EBFD7691B3}.Release|Any CPU.Build.0 = Release|Any CPU
		{EE7ECAD0-8ADC-4FCE-A9C6-80EBFD7691B3}.Release|x64.ActiveCfg = Release|Any CPU
		{EE7ECAD0-8ADC-4FCE-A9C6-80EBFD7691B3}.Release|x64.Build.0 = Release|Any CPU
		{EE7ECAD0-8ADC-4FCE-A9C6-80EBFD7691B3}.Release|x86.ActiveCfg = Release|Any CPU
		{EE7ECAD0-8ADC-4FCE-A9C6-80EBFD7691B3}.Release|x86.Build.0 = Release|Any CPU
		{BFAC82DE-BC58-4B40-8863-DF8A47BFCD32}.Debug|Any CPU.ActiveCfg = Debug|Any CPU
		{BFAC82DE-BC58-4B40-8863-DF8A47BFCD32}.Debug|Any CPU.Build.0 = Debug|Any CPU
		{BFAC82DE-BC58-4B40-8863-DF8A47BFCD32}.Debug|x64.ActiveCfg = Debug|Any CPU
		{BFAC82DE-BC58-4B40-8863-DF8A47BFCD32}.Debug|x64.Build.0 = Debug|Any CPU
		{BFAC82DE-BC58-4B40-8863-DF8A47BFCD32}.Debug|x86.ActiveCfg = Debug|Any CPU
		{BFAC82DE-BC58-4B40-8863-DF8A47BFCD32}.Debug|x86.Build.0 = Debug|Any CPU
		{BFAC82DE-BC58-4B40-8863-DF8A47BFCD32}.Release|Any CPU.ActiveCfg = Release|Any CPU
		{BFAC82DE-BC58-4B40-8863-DF8A47BFCD32}.Release|Any CPU.Build.0 = Release|Any CPU
		{BFAC82DE-BC58-4B40-8863-DF8A47BFCD32}.Release|x64.ActiveCfg = Release|Any CPU
		{BFAC82DE-BC58-4B40-8863-DF8A47BFCD32}.Release|x64.Build.0 = Release|Any CPU
		{BFAC82DE-BC58-4B40-8863-DF8A47BFCD32}.Release|x86.ActiveCfg = Release|Any CPU
		{BFAC82DE-BC58-4B40-8863-DF8A47BFCD32}.Release|x86.Build.0 = Release|Any CPU
		{E42D2E63-FBEC-4F83-8466-D696B78E47E4}.Debug|Any CPU.ActiveCfg = Debug|x64
		{E42D2E63-FBEC-4F83-8466-D696B78E47E4}.Debug|Any CPU.Build.0 = Debug|x64
		{E42D2E63-FBEC-4F83-8466-D696B78E47E4}.Debug|x64.ActiveCfg = Debug|x64
		{E42D2E63-FBEC-4F83-8466-D696B78E47E4}.Debug|x64.Build.0 = Debug|x64
		{E42D2E63-FBEC-4F83-8466-D696B78E47E4}.Debug|x86.ActiveCfg = Debug|x64
		{E42D2E63-FBEC-4F83-8466-D696B78E47E4}.Debug|x86.Build.0 = Debug|x64
		{E42D2E63-FBEC-4F83-8466-D696B78E47E4}.Release|Any CPU.ActiveCfg = Release|x64
		{E42D2E63-FBEC-4F83-8466-D696B78E47E4}.Release|Any CPU.Build.0 = Release|x64
		{E42D2E63-FBEC-4F83-8466-D696B78E47E4}.Release|x64.ActiveCfg = Release|x64
		{E42D2E63-FBEC-4F83-8466-D696B78E47E4}.Release|x64.Build.0 = Release|x64
		{E42D2E63-FBEC-4F83-8466-D696B78E47E4}.Release|x86.ActiveCfg = Release|x64
		{E42D2E63-FBEC-4F83-8466-D696B78E47E4}.Release|x86.Build.0 = Release|x64
	EndGlobalSection
	GlobalSection(SolutionProperties) = preSolution
		HideSolutionNode = FALSE
	EndGlobalSection
EndGlobal
